
Microsoft Visual Studio Solution File, Format Version 12.00
# Visual Studio Version 16
VisualStudioVersion = 16.0.31229.75
MinimumVisualStudioVersion = 10.0.40219.1
Project("{FAE04EC0-301F-11D3-BF4B-00C04F79EFBC}") = "WpfXamlApp", "WpfXamlApp\WpfXamlApp.csproj", "{977666B8-F560-41AE-B892-5EDCD34D587B}"
EndProject
Global
	GlobalSection(SolutionConfigurationPlatforms) = preSolution
		Debug|Any CPU = Debug|Any CPU
		Release|Any CPU = Release|Any CPU
	EndGlobalSection
	GlobalSection(ProjectConfigurationPlatforms) = postSolution
		{977666B8-F560-41AE-B892-5EDCD34D587B}.Debug|Any CPU.ActiveCfg = Debug|Any CPU
		{977666B8-F560-41AE-B892-5EDCD34D587B}.Debug|Any CPU.Build.0 = Debug|Any CPU
		{977666B8-F560-41AE-B892-5EDCD34D587B}.Release|Any CPU.ActiveCfg = Release|Any CPU
		{977666B8-F560-41AE-B892-5EDCD34D587B}.Release|Any CPU.Build.0 = Release|Any CPU
	EndGlobalSection
	GlobalSection(SolutionProperties) = preSolution
		HideSolutionNode = FALSE
	EndGlobalSection
	GlobalSection(ExtensibilityGlobals) = postSolution
		SolutionGuid = {3E07BD3B-8EC9-487E-9A10-96E9B596DC2F}
	EndGlobalSection
EndGlobal
